{
  "name": "owlwatch",
  "version": "1.0.0",
  "lockfileVersion": 1,
  "requires": true,
  "dependencies": {
    "@types/nanotimer": {
      "version": "0.3.0",
      "resolved": "https://registry.npmjs.org/@types/nanotimer/-/nanotimer-0.3.0.tgz",
      "integrity": "sha512-D1EtCce8B5vyb/47+xOpBkv4NRvFwSIVBFjbc38RNTsk2GPYYKwWQP7fPp+2AnbM7+W01TCUAmJGLRzfITjuuA==",
      "dev": true
    },
    "@types/node": {
      "version": "14.14.6",
      "resolved": "https://registry.npmjs.org/@types/node/-/node-14.14.6.tgz",
      "integrity": "sha512-6QlRuqsQ/Ox/aJEQWBEJG7A9+u7oSYl3mem/K8IzxXG/kAGbV1YPD9Bg9Zw3vyxC/YP+zONKwy8hGkSt1jxFMw==",
      "dev": true
    },
    "@types/ws": {
      "version": "7.2.9",
      "resolved": "https://registry.npmjs.org/@types/ws/-/ws-7.2.9.tgz",
      "integrity": "sha512-gmXYAXr7G4BrRMnkGQGkGonc3ArVro9VZd//C1uns/qqsJyl2dxaJdlPMhZbcq5MTxFFC+ttFWtHSfVW5+hlRA==",
      "dev": true,
      "requires": {
        "@types/node": "*"
      }
    },
    "nanotimer": {
      "version": "0.3.15",
      "resolved": "https://registry.npmjs.org/nanotimer/-/nanotimer-0.3.15.tgz",
      "integrity": "sha1-KA0nfbkUbspvilcLVyq68qmsx1Q="
    },
    "systeminformation": {
      "version": "4.27.11",
      "resolved": "https://registry.npmjs.org/systeminformation/-/systeminformation-4.27.11.tgz",
      "integrity": "sha512-U7bigXbOnsB8k1vNHS0Y13RCsRz5/UohiUmND+3mMUL6vfzrpbe/h4ZqewowB+B+tJNnmGFDj08Z8xGfYo45dQ=="
    },
    "typescript": {
      "version": "4.0.5",
      "resolved": "https://registry.npmjs.org/typescript/-/typescript-4.0.5.tgz",
      "integrity": "sha512-ywmr/VrTVCmNTJ6iV2LwIrfG1P+lv6luD8sUJs+2eI9NLGigaN+nUQc13iHqisq7bra9lnmUSYqbJvegraBOPQ==",
      "dev": true
    },
    "ws": {
      "version": "7.3.1",
      "resolved": "https://registry.npmjs.org/ws/-/ws-7.3.1.tgz",
      "integrity": "sha512-D3RuNkynyHmEJIpD2qrgVkc9DQ23OrN/moAwZX4L8DfvszsJxpjQuUq3LMx6HoYji9fbIOBY18XWBsAux1ZZUA=="
    }
  }
}
